
Microsoft Visual Studio Solution File, Format Version 12.00
# Visual Studio Version 17
VisualStudioVersion = 17.4.33110.190
MinimumVisualStudioVersion = 10.0.40219.1
Project("{E24C65DC-7377-472B-9ABA-BC803B73C61A}") = "SIG", "http://localhost/SIG", "{14579ED7-630B-42B2-A4D5-865B6134258A}"
	ProjectSection(WebsiteProperties) = preProject
		UseIISExpress = "false"
		TargetFrameworkMoniker = ".NETFramework,Version%3Dv4.6"
		Debug.AspNetCompiler.VirtualPath = "/SIG"
		Debug.AspNetCompiler.PhysicalPath = "D:\ShippingEngine\"
		Debug.AspNetCompiler.TargetPath = "PrecompiledWeb\SIG\"
		Debug.AspNetCompiler.Updateable = "true"
		Debug.AspNetCompiler.ForceOverwrite = "true"
		Debug.AspNetCompiler.FixedNames = "false"
		Debug.AspNetCompiler.Debug = "True"
		Release.AspNetCompiler.VirtualPath = "/SIG"
		Release.AspNetCompiler.PhysicalPath = "D:\ShippingEngine\"
		Release.AspNetCompiler.TargetPath = "PrecompiledWeb\SIG\"
		Release.AspNetCompiler.Updateable = "true"
		Release.AspNetCompiler.ForceOverwrite = "true"
		Release.AspNetCompiler.FixedNames = "false"
		Release.AspNetCompiler.Debug = "False"
		SlnRelativePath = "D:\ShippingEngine\"
	EndProjectSection
EndProject
Global
	GlobalSection(SolutionConfigurationPlatforms) = preSolution
		Debug|Any CPU = Debug|Any CPU
	EndGlobalSection
	GlobalSection(ProjectConfigurationPlatforms) = postSolution
		{14579ED7-630B-42B2-A4D5-865B6134258A}.Debug|Any CPU.ActiveCfg = Debug|Any CPU
		{14579ED7-630B-42B2-A4D5-865B6134258A}.Debug|Any CPU.Build.0 = Debug|Any CPU
	EndGlobalSection
	GlobalSection(SolutionProperties) = preSolution
		HideSolutionNode = FALSE
	EndGlobalSection
	GlobalSection(ExtensibilityGlobals) = postSolution
		SolutionGuid = {7966FF4E-9B41-41F0-B054-D5E7E2CB476C}
	EndGlobalSection
EndGlobal
